
Microsoft Visual Studio Solution File, Format Version 12.00
# Visual Studio Version 17
VisualStudioVersion = 17.0.32014.148
MinimumVisualStudioVersion = 10.0.40219.1
Project("{FAE04EC0-301F-11D3-BF4B-00C04F79EFBC}") = "Capa_Presentacion", "Capa_Presentacion\Capa_Presentacion.csproj", "{C4AC0C49-F04B-4B84-B9B4-4FF54360679C}"
EndProject
Project("{FAE04EC0-301F-11D3-BF4B-00C04F79EFBC}") = "Negocio", "Negocio\Negocio.csproj", "{703F8454-1991-4B6F-A634-181C4C68A595}"
EndProject
Project("{FAE04EC0-301F-11D3-BF4B-00C04F79EFBC}") = "Datos", "Datos\Datos.csproj", "{885D2348-6F57-4F94-920F-A99C10EFFCBA}"
EndProject
Global
	GlobalSection(SolutionConfigurationPlatforms) = preSolution
		Debug|Any CPU = Debug|Any CPU
		Release|Any CPU = Release|Any CPU
	EndGlobalSection
	GlobalSection(ProjectConfigurationPlatforms) = postSolution
		{C4AC0C49-F04B-4B84-B9B4-4FF54360679C}.Debug|Any CPU.ActiveCfg = Debug|Any CPU
		{C4AC0C49-F04B-4B84-B9B4-4FF54360679C}.Debug|Any CPU.Build.0 = Debug|Any CPU
		{C4AC0C49-F04B-4B84-B9B4-4FF54360679C}.Release|Any CPU.ActiveCfg = Release|Any CPU
		{C4AC0C49-F04B-4B84-B9B4-4FF54360679C}.Release|Any CPU.Build.0 = Release|Any CPU
		{703F8454-1991-4B6F-A634-181C4C68A595}.Debug|Any CPU.ActiveCfg = Debug|Any CPU
		{703F8454-1991-4B6F-A634-181C4C68A595}.Debug|Any CPU.Build.0 = Debug|Any CPU
		{703F8454-1991-4B6F-A634-181C4C68A595}.Release|Any CPU.ActiveCfg = Release|Any CPU
		{703F8454-1991-4B6F-A634-181C4C68A595}.Release|Any CPU.Build.0 = Release|Any CPU
		{885D2348-6F57-4F94-920F-A99C10EFFCBA}.Debug|Any CPU.ActiveCfg = Debug|Any CPU
		{885D2348-6F57-4F94-920F-A99C10EFFCBA}.Debug|Any CPU.Build.0 = Debug|Any CPU
		{885D2348-6F57-4F94-920F-A99C10EFFCBA}.Release|Any CPU.ActiveCfg = Release|Any CPU
		{885D2348-6F57-4F94-920F-A99C10EFFCBA}.Release|Any CPU.Build.0 = Release|Any CPU
	EndGlobalSection
	GlobalSection(SolutionProperties) = preSolution
		HideSolutionNode = FALSE
	EndGlobalSection
	GlobalSection(ExtensibilityGlobals) = postSolution
		SolutionGuid = {C585A5F5-AB13-4E69-8A4F-532600482CB5}
	EndGlobalSection
EndGlobal
